// !$*UTF8*$!
{
	archiveVersion = 1;
	classes = {
	};
	objectVersion = 46;
	objects = {

/* Begin PBXBuildFile section */
		82F10CE51DD2064C00421611 /* AppDelegate.swift in Sources */ = {isa = PBXBuildFile; fileRef = 82F10CE41DD2064C00421611 /* AppDelegate.swift */; };
		82F10CE71DD2064C00421611 /* ViewController.swift in Sources */ = {isa = PBXBuildFile; fileRef = 82F10CE61DD2064C00421611 /* ViewController.swift */; };
		82F10CEA1DD2064C00421611 /* Main.storyboard in Resources */ = {isa = PBXBuildFile; fileRef = 82F10CE81DD2064C00421611 /* Main.storyboard */; };
		82F10CEC1DD2064C00421611 /* Assets.xcassets in Resources */ = {isa = PBXBuildFile; fileRef = 82F10CEB1DD2064C00421611 /* Assets.xcassets */; };
		82F10CEF1DD2064C00421611 /* LaunchScreen.storyboard in Resources */ = {isa = PBXBuildFile; fileRef = 82F10CED1DD2064C00421611 /* LaunchScreen.storyboard */; };
/* End PBXBuildFile section */

/* Begin PBXFileReference section */
		82F10CE11DD2064C00421611 /* WellcutDemoExtension.app */ = {isa = PBXFileReference; explicitFileType = wrapper.application; includeInIndex = 0; path = WellcutDemoExtension.app; sourceTree = BUILT_PRODUCTS_DIR; };
		82F10CE41DD2064C00421611 /* AppDelegate.swift */ = {isa = PBXFileReference; lastKnownFileType = sourcecode.swift; path = AppDelegate.swift; sourceTree = "<group>"; };
		82F10CE61DD2064C00421611 /* ViewController.swift */ = {isa = PBXFileReference; lastKnownFileType = sourcecode.swift; path = ViewController.swift; sourceTree = "<group>"; };
		82F10CE91DD2064C00421611 /* Base */ = {isa = PBXFileReference; lastKnownFileType = file.storyboard; name = Base; path = Base.lproj/Main.storyboard; sourceTree = "<group>"; };
		82F10CEB1DD2064C00421611 /* Assets.xcassets */ = {isa = PBXFileReference; lastKnownFileType = folder.assetcatalog; path = Assets.xcassets; sourceTree = "<group>"; };
		82F10CEE1DD2064C00421611 /* Base */ = {isa = PBXFileReference; lastKnownFileType = file.storyboard; name = Base; path = Base.lproj/LaunchScreen.storyboard; sourceTree = "<group>"; };
		82F10CF01DD2064C00421611 /* Info.plist */ = {isa = PBXFileReference; lastKnownFileType = text.plist.xml; path = Info.plist; sourceTree = "<group>"; };
/* End PBXFileReference section */

/* Begin PBXFrameworksBuildPhase section */
		82F10CDE1DD2064C00421611 /* Frameworks */ = {
			isa = PBXFrameworksBuildPhase;
			buildActionMask = 2147483647;
			files = (
			);
			runOnlyForDeploymentPostprocessing = 0;
		};
/* End PBXFrameworksBuildPhase section */

/* Begin PBXGroup section */
		82F10CD81DD2064C00421611 = {
			isa = PBXGroup;
			children = (
				82F10CE31DD2064C00421611 /* WellcutDemoExtension */,
				82F10CE21DD2064C00421611 /* Products */,
			);
			sourceTree = "<group>";
		};
		82F10CE21DD2064C00421611 /* Products */ = {
			isa = PBXGroup;
			children = (
				82F10CE11DD2064C00421611 /* WellcutDemoExtension.app */,
			);
			name = Products;
			sourceTree = "<group>";
		};
		82F10CE31DD2064C00421611 /* WellcutDemoExtension */ = {
			isa = PBXGroup;
			children = (
				82F10CE41DD2064C00421611 /* AppDelegate.swift */,
				82F10CE61DD2064C00421611 /* ViewController.swift */,
				82F10CE81DD2064C00421611 /* Main.storyboard */,
				82F10CEB1DD2064C00421611 /* Assets.xcassets */,
				82F10CED1DD2064C00421611 /* LaunchScreen.storyboard */,
				82F10CF01DD2064C00421611 /* Info.plist */,
			);
			path = WellcutDemoExtension;
			sourceTree = "<group>";
		};
/* End PBXGroup section */

/* Begin PBXNativeTarget section */
		82F10CE01DD2064C00421611 /* WellcutDemoExtension */ = {
			isa = PBXNativeTarget;
			buildConfigurationList = 82F10CF31DD2064C00421611 /* Build configuration list for PBXNativeTarget "WellcutDemoExtension" */;
			buildPhases = (
				82F10CDD1DD2064C00421611 /* Sources */,
				82F10CDE1DD2064C00421611 /* Frameworks */,
				82F10CDF1DD2064C00421611 /* Resources */,
			);
			buildRules = (
			);
			dependencies = (
			);
			name = WellcutDemoExtension;
			productName = WellcutDemoExtension;
			productReference = 82F10CE11DD2064C00421611 /* WellcutDemoExtension.app */;
			productType = "com.apple.product-type.application";
		};
/* End PBXNativeTarget section */

/* Begin PBXProject section */
		82F10CD91DD2064C00421611 /* Project object */ = {
			isa = PBXProject;
			attributes = {
				LastSwiftUpdateCheck = 0800;
				LastUpgradeCheck = 0800;
				ORGANIZATIONNAME = "Vadim Drobinin";
				TargetAttributes = {
					82F10CE01DD2064C00421611 = {
						CreatedOnToolsVersion = 8.0;
						DevelopmentTeam = X72G5VQBS8;
						ProvisioningStyle = Automatic;
					};
				};
			};
			buildConfigurationList = 82F10CDC1DD2064C00421611 /* Build configuration list for PBXProject "WellcutDemoExtension" */;
			compatibilityVersion = "Xcode 3.2";
			developmentRegion = English;
			hasScannedForEncodings = 0;
			knownRegions = (
				en,
				Base,
			);
			mainGroup = 82F10CD81DD2064C00421611;
			productRefGroup = 82F10CE21DD2064C00421611 /* Products */;
			projectDirPath = "";
			projectRoot = "";
			targets = (
				82F10CE01DD2064C00421611 /* WellcutDemoExtension */,
			);
		};
/* End PBXProject section */

/* Begin PBXResourcesBuildPhase section */
		82F10CDF1DD2064C00421611 /* Resources */ = {
			isa = PBXResourcesBuildPhase;
			buildActionMask = 2147483647;
			files = (
				82F10CEF1DD2064C00421611 /* LaunchScreen.storyboard in Resources */,
				82F10CEC1DD2064C00421611 /* Assets.xcassets in Resources */,
				82F10CEA1DD2064C00421611 /* Main.storyboard in Resources */,
			);
			runOnlyForDeploymentPostprocessing = 0;
		};
/* End PBXResourcesBuildPhase section */

/* Begin PBXSourcesBuildPhase section */
		82F10CDD1DD2064C00421611 /* Sources */ = {
			isa = PBXSourcesBuildPhase;
			buildActionMask = 2147483647;
			files = (
				82F10CE71DD2064C00421611 /* ViewController.swift in Sources */,
				82F10CE51DD2064C00421611 /* AppDelegate.swift in Sources */,
			);
			runOnlyForDeploymentPostprocessing = 0;
		};
/* End PBXSourcesBuildPhase section */

/* Begin PBXVariantGroup section */
		82F10CE81DD2064C00421611 /* Main.storyboard */ = {
			isa = PBXVariantGroup;
			children = (
				82F10CE91DD2064C00421611 /* Base */,
			);
			name = Main.storyboard;
			sourceTree = "<group>";
		};
		82F10CED1DD2064C00421611 /* LaunchScreen.storyboard */ = {
			isa = PBXVariantGroup;
			children = (
				82F10CEE1DD2064C00421611 /* Base */,
			);
			name = LaunchScreen.storyboard;
			sourceTree = "<group>";
		};
/* End PBXVariantGroup section */

/* Begin XCBuildConfiguration section */
		82F10CF11DD2064C00421611 /* Debug */ = {
			isa = XCBuildConfiguration;
			buildSettings = {
				ALWAYS_SEARCH_USER_PATHS = NO;
				CLANG_ANALYZER_NONNULL = YES;
				CLANG_CXX_LANGUAGE_STANDARD = "gnu++0x";
				CLANG_CXX_LIBRARY = "libc++";
				CLANG_ENABLE_MODULES = YES;
				CLANG_ENABLE_OBJC_ARC = YES;
				CLANG_WARN_BOOL_CONVERSION = YES;
				CLANG_WARN_CONSTANT_CONVERSION = YES;
				CLANG_WARN_DIRECT_OBJC_ISA_USAGE = YES_ERROR;
				CLANG_WARN_DOCUMENTATION_COMMENTS = YES;
				CLANG_WARN_EMPTY_BODY = YES;
				CLANG_WARN_ENUM_CONVERSION = YES;
				CLANG_WARN_INFINITE_RECURSION = YES;
				CLANG_WARN_INT_CONVERSION = YES;
				CLANG_WARN_OBJC_ROOT_CLASS = YES_ERROR;
				CLANG_WARN_SUSPICIOUS_MOVES = YES;
				CLANG_WARN_UNREACHABLE_CODE = YES;
				CLANG_WARN__DUPLICATE_METHOD_MATCH = YES;
				"CODE_SIGN_IDENTITY[sdk=iphoneos*]" = "iPhone Developer";
				COPY_PHASE_STRIP = NO;
				DEBUG_INFORMATION_FORMAT = dwarf;
				ENABLE_STRICT_OBJC_MSGSEND = YES;
				ENABLE_TESTABILITY = YES;
				GCC_C_LANGUAGE_STANDARD = gnu99;
				GCC_DYNAMIC_NO_PIC = NO;
				GCC_NO_COMMON_BLOCKS = YES;
				GCC_OPTIMIZATION_LEVEL = 0;
				GCC_PREPROCESSOR_DEFINITIONS = (
					"DEBUG=1",
					"$(inherited)",
				);
				GCC_WARN_64_TO_32_BIT_CONVERSION = YES;
				GCC_WARN_ABOUT_RETURN_TYPE = YES_ERROR;
				GCC_WARN_UNDECLARED_SELECTOR = YES;
				GCC_WARN_UNINITIALIZED_AUTOS = YES_AGGRESSIVE;
				GCC_WARN_UNUSED_FUNCTION = YES;
				GCC_WARN_UNUSED_VARIABLE = YES;
				IPHONEOS_DEPLOYMENT_TARGET = 10.0;
				MTL_ENABLE_DEBUG_INFO = YES;
				ONLY_ACTIVE_ARCH = YES;
				SDKROOT = iphoneos;
				SWIFT_ACTIVE_COMPILATION_CONDITIONS = DEBUG;
				SWIFT_OPTIMIZATION_LEVEL = "-Onone";
				TARGETED_DEVICE_FAMILY = "1,2";
			};
			name = Debug;
		};
		82F10CF21DD2064C00421611 /* Release */ = {
			isa = XCBuildConfiguration;
			buildSettings = {
				ALWAYS_SEARCH_USER_PATHS = NO;
				CLANG_ANALYZER_NONNULL = YES;
				CLANG_CXX_LANGUAGE_STANDARD = "gnu++0x";
				CLANG_CXX_LIBRARY = "libc++";
				CLANG_ENABLE_MODULES = YES;
				CLANG_ENABLE_OBJC_ARC = YES;
				CLANG_WARN_BOOL_CONVERSION = YES;
				CLANG_WARN_CONSTANT_CONVERSION = YES;
				CLANG_WARN_DIRECT_OBJC_ISA_USAGE = YES_ERROR;
				CLANG_WARN_DOCUMENTATION_COMMENTS = YES;
				CLANG_WARN_EMPTY_BODY = YES;
				CLANG_WARN_ENUM_CONVERSION = YES;
				CLANG_WARN_INFINITE_RECURSION = YES;
				CLANG_WARN_INT_CONVERSION = YES;
				CLANG_WARN_OBJC_ROOT_CLASS = YES_ERROR;
				CLANG_WARN_SUSPICIOUS_MOVES = YES;
				CLANG_WARN_UNREACHABLE_CODE = YES;
				CLANG_WARN__DUPLICATE_METHOD_MATCH = YES;
				"CODE_SIGN_IDENTITY[sdk=iphoneos*]" = "iPhone Developer";
				COPY_PHASE_STRIP = NO;
				DEBUG_INFORMATION_FORMAT = "dwarf-with-dsym";
				ENABLE_NS_ASSERTIONS = NO;
				ENABLE_STRICT_OBJC_MSGSEND = YES;
				GCC_C_LANGUAGE_STANDARD = gnu99;
				GCC_NO_COMMON_BLOCKS = YES;
				GCC_WARN_64_TO_32_BIT_CONVERSION = YES;
				GCC_WARN_ABOUT_RETURN_TYPE = YES_ERROR;
				GCC_WARN_UNDECLARED_SELECTOR = YES;
				GCC_WARN_UNINITIALIZED_AUTOS = YES_AGGRESSIVE;
				GCC_WARN_UNUSED_FUNCTION = YES;
				GCC_WARN_UNUSED_VARIABLE = YES;
				IPHONEOS_DEPLOYMENT_TARGET = 10.0;
				MTL_ENABLE_DEBUG_INFO = NO;
				SDKROOT = iphoneos;
				SWIFT_OPTIMIZATION_LEVEL = "-Owholemodule";
				TARGETED_DEVICE_FAMILY = "1,2";
				VALIDATE_PRODUCT = YES;
			};
			name = Release;
		};
		82F10CF41DD2064C00421611 /* Debug */ = {
			isa = XCBuildConfiguration;
			buildSettings = {
				ASSETCATALOG_COMPILER_APPICON_NAME = AppIcon;
				DEVELOPMENT_TEAM = X72G5VQBS8;
				INFOPLIST_FILE = WellcutDemoExtension/Info.plist;
				LD_RUNPATH_SEARCH_PATHS = "$(inherited) @executable_path/Frameworks";
				PRODUCT_BUNDLE_IDENTIFIER = com.drobinin.WellcutDemoExtension;
				PRODUCT_NAME = "$(TARGET_NAME)";
				SWIFT_VERSION = 3.0;
			};
			name = Debug;
		};
		82F10CF51DD2064C00421611 /* Release */ = {
			isa = XCBuildConfiguration;
			buildSettings = {
				ASSETCATALOG_COMPILER_APPICON_NAME = AppIcon;
				DEVELOPMENT_TEAM = X72G5VQBS8;
				INFOPLIST_FILE = WellcutDemoExtension/Info.plist;
				LD_RUNPATH_SEARCH_PATHS = "$(inherited) @executable_path/Frameworks";
				PRODUCT_BUNDLE_IDENTIFIER = com.drobinin.WellcutDemoExtension;
				PRODUCT_NAME = "$(TARGET_NAME)";
				SWIFT_VERSION = 3.0;
			};
			name = Release;
		};
/* End XCBuildConfiguration section */

/* Begin XCConfigurationList section */
		82F10CDC1DD2064C00421611 /* Build configuration list for PBXProject "WellcutDemoExtension" */ = {
			isa = XCConfigurationList;
			buildConfigurations = (
				82F10CF11DD2064C00421611 /* Debug */,
				82F10CF21DD2064C00421611 /* Release */,
			);
			defaultConfigurationIsVisible = 0;
			defaultConfigurationName = Release;
		};
		82F10CF31DD2064C00421611 /* Build configuration list for PBXNativeTarget "WellcutDemoExtension" */ = {
			isa = XCConfigurationList;
			buildConfigurations = (
				82F10CF41DD2064C00421611 /* Debug */,
				82F10CF51DD2064C00421611 /* Release */,
			);
			defaultConfigurationIsVisible = 0;
		};
/* End XCConfigurationList section */
	};
	rootObject = 82F10CD91DD2064C00421611 /* Project object */;
}
