// !$*UTF8*$!
{
	archiveVersion = 1;
	classes = {
	};
	objectVersion = 46;
	objects = {

/* Begin PBXBuildFile section */
		82F10CE51DD2064C00421611 /* AppDelegate.swift in Sources */ = {isa = PBXBuildFile; fileRef = 82F10CE41DD2064C00421611 /* AppDelegate.swift */; };
		82F10CE71DD2064C00421611 /* MainPageViewController.swift in Sources */ = {isa = PBXBuildFile; fileRef = 82F10CE61DD2064C00421611 /* MainPageViewController.swift */; };
		82F10CEA1DD2064C00421611 /* Main.storyboard in Resources */ = {isa = PBXBuildFile; fileRef = 82F10CE81DD2064C00421611 /* Main.storyboard */; };
		82F10CEC1DD2064C00421611 /* Assets.xcassets in Resources */ = {isa = PBXBuildFile; fileRef = 82F10CEB1DD2064C00421611 /* Assets.xcassets */; };
		82F10CEF1DD2064C00421611 /* LaunchScreen.storyboard in Resources */ = {isa = PBXBuildFile; fileRef = 82F10CED1DD2064C00421611 /* LaunchScreen.storyboard */; };
		82F10CF71DD20E7000421611 /* DetailedPageViewController.swift in Sources */ = {isa = PBXBuildFile; fileRef = 82F10CF61DD20E7000421611 /* DetailedPageViewController.swift */; };
		82F10D021DD2101000421611 /* MainInterface.storyboard in Resources */ = {isa = PBXBuildFile; fileRef = 82F10D001DD2101000421611 /* MainInterface.storyboard */; };
		82F10D061DD2101000421611 /* ShareExtension.appex in Embed App Extensions */ = {isa = PBXBuildFile; fileRef = 82F10CFC1DD2101000421611 /* ShareExtension.appex */; settings = {ATTRIBUTES = (RemoveHeadersOnCopy, ); }; };
		82F10D0E1DD21DD200421611 /* OpenPageViewController.swift in Sources */ = {isa = PBXBuildFile; fileRef = 82F10D0D1DD21DD200421611 /* OpenPageViewController.swift */; };
/* End PBXBuildFile section */

/* Begin PBXContainerItemProxy section */
		82F10D041DD2101000421611 /* PBXContainerItemProxy */ = {
			isa = PBXContainerItemProxy;
			containerPortal = 82F10CD91DD2064C00421611 /* Project object */;
			proxyType = 1;
			remoteGlobalIDString = 82F10CFB1DD2101000421611;
			remoteInfo = ShareExtension;
		};
/* End PBXContainerItemProxy section */

/* Begin PBXCopyFilesBuildPhase section */
		82F10D0A1DD2101000421611 /* Embed App Extensions */ = {
			isa = PBXCopyFilesBuildPhase;
			buildActionMask = 2147483647;
			dstPath = "";
			dstSubfolderSpec = 13;
			files = (
				82F10D061DD2101000421611 /* ShareExtension.appex in Embed App Extensions */,
			);
			name = "Embed App Extensions";
			runOnlyForDeploymentPostprocessing = 0;
		};
/* End PBXCopyFilesBuildPhase section */

/* Begin PBXFileReference section */
		82F10CE11DD2064C00421611 /* WellcutDemoExtension.app */ = {isa = PBXFileReference; explicitFileType = wrapper.application; includeInIndex = 0; path = WellcutDemoExtension.app; sourceTree = BUILT_PRODUCTS_DIR; };
		82F10CE41DD2064C00421611 /* AppDelegate.swift */ = {isa = PBXFileReference; lastKnownFileType = sourcecode.swift; path = AppDelegate.swift; sourceTree = "<group>"; };
		82F10CE61DD2064C00421611 /* MainPageViewController.swift */ = {isa = PBXFileReference; lastKnownFileType = sourcecode.swift; path = MainPageViewController.swift; sourceTree = "<group>"; };
		82F10CE91DD2064C00421611 /* Base */ = {isa = PBXFileReference; lastKnownFileType = file.storyboard; name = Base; path = Base.lproj/Main.storyboard; sourceTree = "<group>"; };
		82F10CEB1DD2064C00421611 /* Assets.xcassets */ = {isa = PBXFileReference; lastKnownFileType = folder.assetcatalog; path = Assets.xcassets; sourceTree = "<group>"; };
		82F10CEE1DD2064C00421611 /* Base */ = {isa = PBXFileReference; lastKnownFileType = file.storyboard; name = Base; path = Base.lproj/LaunchScreen.storyboard; sourceTree = "<group>"; };
		82F10CF01DD2064C00421611 /* Info.plist */ = {isa = PBXFileReference; lastKnownFileType = text.plist.xml; path = Info.plist; sourceTree = "<group>"; };
		82F10CF61DD20E7000421611 /* DetailedPageViewController.swift */ = {isa = PBXFileReference; fileEncoding = 4; lastKnownFileType = sourcecode.swift; path = DetailedPageViewController.swift; sourceTree = "<group>"; };
		82F10CFC1DD2101000421611 /* ShareExtension.appex */ = {isa = PBXFileReference; explicitFileType = "wrapper.app-extension"; includeInIndex = 0; path = ShareExtension.appex; sourceTree = BUILT_PRODUCTS_DIR; };
		82F10D011DD2101000421611 /* Base */ = {isa = PBXFileReference; lastKnownFileType = file.storyboard; name = Base; path = Base.lproj/MainInterface.storyboard; sourceTree = "<group>"; };
		82F10D031DD2101000421611 /* Info.plist */ = {isa = PBXFileReference; lastKnownFileType = text.plist.xml; path = Info.plist; sourceTree = "<group>"; };
		82F10D0B1DD2102D00421611 /* WellcutDemoExtension.entitlements */ = {isa = PBXFileReference; lastKnownFileType = text.plist.entitlements; path = WellcutDemoExtension.entitlements; sourceTree = "<group>"; };
		82F10D0C1DD2104800421611 /* ShareExtension.entitlements */ = {isa = PBXFileReference; lastKnownFileType = text.plist.entitlements; path = ShareExtension.entitlements; sourceTree = "<group>"; };
		82F10D0D1DD21DD200421611 /* OpenPageViewController.swift */ = {isa = PBXFileReference; fileEncoding = 4; lastKnownFileType = sourcecode.swift; path = OpenPageViewController.swift; sourceTree = "<group>"; };
/* End PBXFileReference section */

/* Begin PBXFrameworksBuildPhase section */
		82F10CDE1DD2064C00421611 /* Frameworks */ = {
			isa = PBXFrameworksBuildPhase;
			buildActionMask = 2147483647;
			files = (
			);
			runOnlyForDeploymentPostprocessing = 0;
		};
		82F10CF91DD2101000421611 /* Frameworks */ = {
			isa = PBXFrameworksBuildPhase;
			buildActionMask = 2147483647;
			files = (
			);
			runOnlyForDeploymentPostprocessing = 0;
		};
/* End PBXFrameworksBuildPhase section */

/* Begin PBXGroup section */
		82F10CD81DD2064C00421611 = {
			isa = PBXGroup;
			children = (
				82F10CE31DD2064C00421611 /* WellcutDemoExtension */,
				82F10CFD1DD2101000421611 /* ShareExtension */,
				82F10CE21DD2064C00421611 /* Products */,
			);
			sourceTree = "<group>";
		};
		82F10CE21DD2064C00421611 /* Products */ = {
			isa = PBXGroup;
			children = (
				82F10CE11DD2064C00421611 /* WellcutDemoExtension.app */,
				82F10CFC1DD2101000421611 /* ShareExtension.appex */,
			);
			name = Products;
			sourceTree = "<group>";
		};
		82F10CE31DD2064C00421611 /* WellcutDemoExtension */ = {
			isa = PBXGroup;
			children = (
				82F10D0B1DD2102D00421611 /* WellcutDemoExtension.entitlements */,
				82F10CE41DD2064C00421611 /* AppDelegate.swift */,
				82F10CE61DD2064C00421611 /* MainPageViewController.swift */,
				82F10CE81DD2064C00421611 /* Main.storyboard */,
				82F10CF61DD20E7000421611 /* DetailedPageViewController.swift */,
				82F10CEB1DD2064C00421611 /* Assets.xcassets */,
				82F10CED1DD2064C00421611 /* LaunchScreen.storyboard */,
				82F10CF01DD2064C00421611 /* Info.plist */,
			);
			path = WellcutDemoExtension;
			sourceTree = "<group>";
		};
		82F10CFD1DD2101000421611 /* ShareExtension */ = {
			isa = PBXGroup;
			children = (
				82F10D0C1DD2104800421611 /* ShareExtension.entitlements */,
				82F10D001DD2101000421611 /* MainInterface.storyboard */,
				82F10D0D1DD21DD200421611 /* OpenPageViewController.swift */,
				82F10D031DD2101000421611 /* Info.plist */,
			);
			path = ShareExtension;
			sourceTree = "<group>";
		};
/* End PBXGroup section */

/* Begin PBXNativeTarget section */
		82F10CE01DD2064C00421611 /* WellcutDemoExtension */ = {
			isa = PBXNativeTarget;
			buildConfigurationList = 82F10CF31DD2064C00421611 /* Build configuration list for PBXNativeTarget "WellcutDemoExtension" */;
			buildPhases = (
				82F10CDD1DD2064C00421611 /* Sources */,
				82F10CDE1DD2064C00421611 /* Frameworks */,
				82F10CDF1DD2064C00421611 /* Resources */,
				82F10D0A1DD2101000421611 /* Embed App Extensions */,
			);
			buildRules = (
			);
			dependencies = (
				82F10D051DD2101000421611 /* PBXTargetDependency */,
			);
			name = WellcutDemoExtension;
			productName = WellcutDemoExtension;
			productReference = 82F10CE11DD2064C00421611 /* WellcutDemoExtension.app */;
			productType = "com.apple.product-type.application";
		};
		82F10CFB1DD2101000421611 /* ShareExtension */ = {
			isa = PBXNativeTarget;
			buildConfigurationList = 82F10D071DD2101000421611 /* Build configuration list for PBXNativeTarget "ShareExtension" */;
			buildPhases = (
				82F10CF81DD2101000421611 /* Sources */,
				82F10CF91DD2101000421611 /* Frameworks */,
				82F10CFA1DD2101000421611 /* Resources */,
			);
			buildRules = (
			);
			dependencies = (
			);
			name = ShareExtension;
			productName = ShareExtension;
			productReference = 82F10CFC1DD2101000421611 /* ShareExtension.appex */;
			productType = "com.apple.product-type.app-extension";
		};
/* End PBXNativeTarget section */

/* Begin PBXProject section */
		82F10CD91DD2064C00421611 /* Project object */ = {
			isa = PBXProject;
			attributes = {
				LastSwiftUpdateCheck = 0800;
				LastUpgradeCheck = 0800;
				ORGANIZATIONNAME = "Vadim Drobinin";
				TargetAttributes = {
					82F10CE01DD2064C00421611 = {
						CreatedOnToolsVersion = 8.0;
						DevelopmentTeam = X72G5VQBS8;
						ProvisioningStyle = Automatic;
						SystemCapabilities = {
							com.apple.ApplicationGroups.iOS = {
								enabled = 1;
							};
						};
					};
					82F10CFB1DD2101000421611 = {
						CreatedOnToolsVersion = 8.0;
						DevelopmentTeam = X72G5VQBS8;
						ProvisioningStyle = Automatic;
						SystemCapabilities = {
							com.apple.ApplicationGroups.iOS = {
								enabled = 1;
							};
						};
					};
				};
			};
			buildConfigurationList = 82F10CDC1DD2064C00421611 /* Build configuration list for PBXProject "WellcutDemoExtension" */;
			compatibilityVersion = "Xcode 3.2";
			developmentRegion = English;
			hasScannedForEncodings = 0;
			knownRegions = (
				en,
				Base,
			);
			mainGroup = 82F10CD81DD2064C00421611;
			productRefGroup = 82F10CE21DD2064C00421611 /* Products */;
			projectDirPath = "";
			projectRoot = "";
			targets = (
				82F10CE01DD2064C00421611 /* WellcutDemoExtension */,
				82F10CFB1DD2101000421611 /* ShareExtension */,
			);
		};
/* End PBXProject section */

/* Begin PBXResourcesBuildPhase section */
		82F10CDF1DD2064C00421611 /* Resources */ = {
			isa = PBXResourcesBuildPhase;
			buildActionMask = 2147483647;
			files = (
				82F10CEF1DD2064C00421611 /* LaunchScreen.storyboard in Resources */,
				82F10CEC1DD2064C00421611 /* Assets.xcassets in Resources */,
				82F10CEA1DD2064C00421611 /* Main.storyboard in Resources */,
			);
			runOnlyForDeploymentPostprocessing = 0;
		};
		82F10CFA1DD2101000421611 /* Resources */ = {
			isa = PBXResourcesBuildPhase;
			buildActionMask = 2147483647;
			files = (
				82F10D021DD2101000421611 /* MainInterface.storyboard in Resources */,
			);
			runOnlyForDeploymentPostprocessing = 0;
		};
/* End PBXResourcesBuildPhase section */

/* Begin PBXSourcesBuildPhase section */
		82F10CDD1DD2064C00421611 /* Sources */ = {
			isa = PBXSourcesBuildPhase;
			buildActionMask = 2147483647;
			files = (
				82F10CE71DD2064C00421611 /* MainPageViewController.swift in Sources */,
				82F10CE51DD2064C00421611 /* AppDelegate.swift in Sources */,
				82F10CF71DD20E7000421611 /* DetailedPageViewController.swift in Sources */,
			);
			runOnlyForDeploymentPostprocessing = 0;
		};
		82F10CF81DD2101000421611 /* Sources */ = {
			isa = PBXSourcesBuildPhase;
			buildActionMask = 2147483647;
			files = (
				82F10D0E1DD21DD200421611 /* OpenPageViewController.swift in Sources */,
			);
			runOnlyForDeploymentPostprocessing = 0;
		};
/* End PBXSourcesBuildPhase section */

/* Begin PBXTargetDependency section */
		82F10D051DD2101000421611 /* PBXTargetDependency */ = {
			isa = PBXTargetDependency;
			target = 82F10CFB1DD2101000421611 /* ShareExtension */;
			targetProxy = 82F10D041DD2101000421611 /* PBXContainerItemProxy */;
		};
/* End PBXTargetDependency section */

/* Begin PBXVariantGroup section */
		82F10CE81DD2064C00421611 /* Main.storyboard */ = {
			isa = PBXVariantGroup;
			children = (
				82F10CE91DD2064C00421611 /* Base */,
			);
			name = Main.storyboard;
			sourceTree = "<group>";
		};
		82F10CED1DD2064C00421611 /* LaunchScreen.storyboard */ = {
			isa = PBXVariantGroup;
			children = (
				82F10CEE1DD2064C00421611 /* Base */,
			);
			name = LaunchScreen.storyboard;
			sourceTree = "<group>";
		};
		82F10D001DD2101000421611 /* MainInterface.storyboard */ = {
			isa = PBXVariantGroup;
			children = (
				82F10D011DD2101000421611 /* Base */,
			);
			name = MainInterface.storyboard;
			sourceTree = "<group>";
		};
/* End PBXVariantGroup section */

/* Begin XCBuildConfiguration section */
		82F10CF11DD2064C00421611 /* Debug */ = {
			isa = XCBuildConfiguration;
			buildSettings = {
				ALWAYS_SEARCH_USER_PATHS = NO;
				CLANG_ANALYZER_NONNULL = YES;
				CLANG_CXX_LANGUAGE_STANDARD = "gnu++0x";
				CLANG_CXX_LIBRARY = "libc++";
				CLANG_ENABLE_MODULES = YES;
				CLANG_ENABLE_OBJC_ARC = YES;
				CLANG_WARN_BOOL_CONVERSION = YES;
				CLANG_WARN_CONSTANT_CONVERSION = YES;
				CLANG_WARN_DIRECT_OBJC_ISA_USAGE = YES_ERROR;
				CLANG_WARN_DOCUMENTATION_COMMENTS = YES;
				CLANG_WARN_EMPTY_BODY = YES;
				CLANG_WARN_ENUM_CONVERSION = YES;
				CLANG_WARN_INFINITE_RECURSION = YES;
				CLANG_WARN_INT_CONVERSION = YES;
				CLANG_WARN_OBJC_ROOT_CLASS = YES_ERROR;
				CLANG_WARN_SUSPICIOUS_MOVES = YES;
				CLANG_WARN_UNREACHABLE_CODE = YES;
				CLANG_WARN__DUPLICATE_METHOD_MATCH = YES;
				"CODE_SIGN_IDENTITY[sdk=iphoneos*]" = "iPhone Developer";
				COPY_PHASE_STRIP = NO;
				DEBUG_INFORMATION_FORMAT = dwarf;
				ENABLE_STRICT_OBJC_MSGSEND = YES;
				ENABLE_TESTABILITY = YES;
				GCC_C_LANGUAGE_STANDARD = gnu99;
				GCC_DYNAMIC_NO_PIC = NO;
				GCC_NO_COMMON_BLOCKS = YES;
				GCC_OPTIMIZATION_LEVEL = 0;
				GCC_PREPROCESSOR_DEFINITIONS = (
					"DEBUG=1",
					"$(inherited)",
				);
				GCC_WARN_64_TO_32_BIT_CONVERSION = YES;
				GCC_WARN_ABOUT_RETURN_TYPE = YES_ERROR;
				GCC_WARN_UNDECLARED_SELECTOR = YES;
				GCC_WARN_UNINITIALIZED_AUTOS = YES_AGGRESSIVE;
				GCC_WARN_UNUSED_FUNCTION = YES;
				GCC_WARN_UNUSED_VARIABLE = YES;
				IPHONEOS_DEPLOYMENT_TARGET = 10.0;
				MTL_ENABLE_DEBUG_INFO = YES;
				ONLY_ACTIVE_ARCH = YES;
				SDKROOT = iphoneos;
				SWIFT_ACTIVE_COMPILATION_CONDITIONS = DEBUG;
				SWIFT_OPTIMIZATION_LEVEL = "-Onone";
				TARGETED_DEVICE_FAMILY = "1,2";
			};
			name = Debug;
		};
		82F10CF21DD2064C00421611 /* Release */ = {
			isa = XCBuildConfiguration;
			buildSettings = {
				ALWAYS_SEARCH_USER_PATHS = NO;
				CLANG_ANALYZER_NONNULL = YES;
				CLANG_CXX_LANGUAGE_STANDARD = "gnu++0x";
				CLANG_CXX_LIBRARY = "libc++";
				CLANG_ENABLE_MODULES = YES;
				CLANG_ENABLE_OBJC_ARC = YES;
				CLANG_WARN_BOOL_CONVERSION = YES;
				CLANG_WARN_CONSTANT_CONVERSION = YES;
				CLANG_WARN_DIRECT_OBJC_ISA_USAGE = YES_ERROR;
				CLANG_WARN_DOCUMENTATION_COMMENTS = YES;
				CLANG_WARN_EMPTY_BODY = YES;
				CLANG_WARN_ENUM_CONVERSION = YES;
				CLANG_WARN_INFINITE_RECURSION = YES;
				CLANG_WARN_INT_CONVERSION = YES;
				CLANG_WARN_OBJC_ROOT_CLASS = YES_ERROR;
				CLANG_WARN_SUSPICIOUS_MOVES = YES;
				CLANG_WARN_UNREACHABLE_CODE = YES;
				CLANG_WARN__DUPLICATE_METHOD_MATCH = YES;
				"CODE_SIGN_IDENTITY[sdk=iphoneos*]" = "iPhone Developer";
				COPY_PHASE_STRIP = NO;
				DEBUG_INFORMATION_FORMAT = "dwarf-with-dsym";
				ENABLE_NS_ASSERTIONS = NO;
				ENABLE_STRICT_OBJC_MSGSEND = YES;
				GCC_C_LANGUAGE_STANDARD = gnu99;
				GCC_NO_COMMON_BLOCKS = YES;
				GCC_WARN_64_TO_32_BIT_CONVERSION = YES;
				GCC_WARN_ABOUT_RETURN_TYPE = YES_ERROR;
				GCC_WARN_UNDECLARED_SELECTOR = YES;
				GCC_WARN_UNINITIALIZED_AUTOS = YES_AGGRESSIVE;
				GCC_WARN_UNUSED_FUNCTION = YES;
				GCC_WARN_UNUSED_VARIABLE = YES;
				IPHONEOS_DEPLOYMENT_TARGET = 10.0;
				MTL_ENABLE_DEBUG_INFO = NO;
				SDKROOT = iphoneos;
				SWIFT_OPTIMIZATION_LEVEL = "-Owholemodule";
				TARGETED_DEVICE_FAMILY = "1,2";
				VALIDATE_PRODUCT = YES;
			};
			name = Release;
		};
		82F10CF41DD2064C00421611 /* Debug */ = {
			isa = XCBuildConfiguration;
			buildSettings = {
				ALWAYS_EMBED_SWIFT_STANDARD_LIBRARIES = YES;
				ASSETCATALOG_COMPILER_APPICON_NAME = AppIcon;
				CODE_SIGN_ENTITLEMENTS = WellcutDemoExtension/WellcutDemoExtension.entitlements;
				DEVELOPMENT_TEAM = X72G5VQBS8;
				INFOPLIST_FILE = WellcutDemoExtension/Info.plist;
				IPHONEOS_DEPLOYMENT_TARGET = 10.0;
				LD_RUNPATH_SEARCH_PATHS = "$(inherited) @executable_path/Frameworks";
				PRODUCT_BUNDLE_IDENTIFIER = com.drobinin.WellcutDemoExtension;
				PRODUCT_NAME = "$(TARGET_NAME)";
				SWIFT_VERSION = 3.0;
			};
			name = Debug;
		};
		82F10CF51DD2064C00421611 /* Release */ = {
			isa = XCBuildConfiguration;
			buildSettings = {
				ALWAYS_EMBED_SWIFT_STANDARD_LIBRARIES = YES;
				ASSETCATALOG_COMPILER_APPICON_NAME = AppIcon;
				CODE_SIGN_ENTITLEMENTS = WellcutDemoExtension/WellcutDemoExtension.entitlements;
				DEVELOPMENT_TEAM = X72G5VQBS8;
				INFOPLIST_FILE = WellcutDemoExtension/Info.plist;
				IPHONEOS_DEPLOYMENT_TARGET = 10.0;
				LD_RUNPATH_SEARCH_PATHS = "$(inherited) @executable_path/Frameworks";
				PRODUCT_BUNDLE_IDENTIFIER = com.drobinin.WellcutDemoExtension;
				PRODUCT_NAME = "$(TARGET_NAME)";
				SWIFT_VERSION = 3.0;
			};
			name = Release;
		};
		82F10D081DD2101000421611 /* Debug */ = {
			isa = XCBuildConfiguration;
			buildSettings = {
				CODE_SIGN_ENTITLEMENTS = ShareExtension/ShareExtension.entitlements;
				DEVELOPMENT_TEAM = X72G5VQBS8;
				INFOPLIST_FILE = ShareExtension/Info.plist;
				LD_RUNPATH_SEARCH_PATHS = "$(inherited) @executable_path/Frameworks @executable_path/../../Frameworks";
				PRODUCT_BUNDLE_IDENTIFIER = com.drobinin.WellcutDemoExtension.ShareExtension;
				PRODUCT_NAME = "$(TARGET_NAME)";
				SKIP_INSTALL = YES;
				SWIFT_VERSION = 3.0;
			};
			name = Debug;
		};
		82F10D091DD2101000421611 /* Release */ = {
			isa = XCBuildConfiguration;
			buildSettings = {
				CODE_SIGN_ENTITLEMENTS = ShareExtension/ShareExtension.entitlements;
				DEVELOPMENT_TEAM = X72G5VQBS8;
				INFOPLIST_FILE = ShareExtension/Info.plist;
				LD_RUNPATH_SEARCH_PATHS = "$(inherited) @executable_path/Frameworks @executable_path/../../Frameworks";
				PRODUCT_BUNDLE_IDENTIFIER = com.drobinin.WellcutDemoExtension.ShareExtension;
				PRODUCT_NAME = "$(TARGET_NAME)";
				SKIP_INSTALL = YES;
				SWIFT_VERSION = 3.0;
			};
			name = Release;
		};
/* End XCBuildConfiguration section */

/* Begin XCConfigurationList section */
		82F10CDC1DD2064C00421611 /* Build configuration list for PBXProject "WellcutDemoExtension" */ = {
			isa = XCConfigurationList;
			buildConfigurations = (
				82F10CF11DD2064C00421611 /* Debug */,
				82F10CF21DD2064C00421611 /* Release */,
			);
			defaultConfigurationIsVisible = 0;
			defaultConfigurationName = Release;
		};
		82F10CF31DD2064C00421611 /* Build configuration list for PBXNativeTarget "WellcutDemoExtension" */ = {
			isa = XCConfigurationList;
			buildConfigurations = (
				82F10CF41DD2064C00421611 /* Debug */,
				82F10CF51DD2064C00421611 /* Release */,
			);
			defaultConfigurationIsVisible = 0;
		};
		82F10D071DD2101000421611 /* Build configuration list for PBXNativeTarget "ShareExtension" */ = {
			isa = XCConfigurationList;
			buildConfigurations = (
				82F10D081DD2101000421611 /* Debug */,
				82F10D091DD2101000421611 /* Release */,
			);
			defaultConfigurationIsVisible = 0;
		};
/* End XCConfigurationList section */
	};
	rootObject = 82F10CD91DD2064C00421611 /* Project object */;
}
